
Microsoft Visual Studio Solution File, Format Version 12.00
# Visual Studio Version 17
VisualStudioVersion = 17.1.32319.34
MinimumVisualStudioVersion = 10.0.40219.1
Project("{FAE04EC0-301F-11D3-BF4B-00C04F79EFBC}") = "Exercicio_Resolvido_SemInterface", "Exercicio_Resolvido_SemInterface\Exercicio_Resolvido_SemInterface.csproj", "{06923D4F-085C-4A6D-B822-31C3F7660D69}"
EndProject
Global
	GlobalSection(SolutionConfigurationPlatforms) = preSolution
		Debug|Any CPU = Debug|Any CPU
		Release|Any CPU = Release|Any CPU
	EndGlobalSection
	GlobalSection(ProjectConfigurationPlatforms) = postSolution
		{06923D4F-085C-4A6D-B822-31C3F7660D69}.Debug|Any CPU.ActiveCfg = Debug|Any CPU
		{06923D4F-085C-4A6D-B822-31C3F7660D69}.Debug|Any CPU.Build.0 = Debug|Any CPU
		{06923D4F-085C-4A6D-B822-31C3F7660D69}.Release|Any CPU.ActiveCfg = Release|Any CPU
		{06923D4F-085C-4A6D-B822-31C3F7660D69}.Release|Any CPU.Build.0 = Release|Any CPU
	EndGlobalSection
	GlobalSection(SolutionProperties) = preSolution
		HideSolutionNode = FALSE
	EndGlobalSection
	GlobalSection(ExtensibilityGlobals) = postSolution
		SolutionGuid = {0B1D9EAC-4479-46A9-A656-03A62B816589}
	EndGlobalSection
EndGlobal
